// !$*UTF8*$!
{
	archiveVersion = 1;
	classes = {
	};
	objectVersion = 46;
	objects = {

/* Begin PBXBuildFile section */
		775D76A21B2825F7008868D9 /* main.m in Sources */ = {isa = PBXBuildFile; fileRef = 775D76A11B2825F7008868D9 /* main.m */; };
		775D76A51B2825F7008868D9 /* AppDelegate.m in Sources */ = {isa = PBXBuildFile; fileRef = 775D76A41B2825F7008868D9 /* AppDelegate.m */; };
		775D76A81B2825F7008868D9 /* ViewController.m in Sources */ = {isa = PBXBuildFile; fileRef = 775D76A71B2825F7008868D9 /* ViewController.m */; };
		775D76AB1B2825F7008868D9 /* Main.storyboard in Resources */ = {isa = PBXBuildFile; fileRef = 775D76A91B2825F7008868D9 /* Main.storyboard */; };
		775D76AD1B2825F7008868D9 /* Images.xcassets in Resources */ = {isa = PBXBuildFile; fileRef = 775D76AC1B2825F7008868D9 /* Images.xcassets */; };
		775D76B01B2825F7008868D9 /* LaunchScreen.xib in Resources */ = {isa = PBXBuildFile; fileRef = 775D76AE1B2825F7008868D9 /* LaunchScreen.xib */; };
		775D76BC1B2825F7008868D9 /* JSLoadDemoTests.m in Sources */ = {isa = PBXBuildFile; fileRef = 775D76BB1B2825F7008868D9 /* JSLoadDemoTests.m */; };
		775D76C91B282603008868D9 /* JPEngine.m in Sources */ = {isa = PBXBuildFile; fileRef = 775D76C71B282603008868D9 /* JPEngine.m */; };
		775D76CA1B282603008868D9 /* JSPatch.js in Resources */ = {isa = PBXBuildFile; fileRef = 775D76C81B282603008868D9 /* JSPatch.js */; };
		775D76CE1B282630008868D9 /* JSLoad.m in Sources */ = {isa = PBXBuildFile; fileRef = 775D76CD1B282630008868D9 /* JSLoad.m */; };
		775D76D51B282E84008868D9 /* load.js in Resources */ = {isa = PBXBuildFile; fileRef = 775D76D31B282E84008868D9 /* load.js */; };
		775D76D61B2835D7008868D9 /* Dylib.framework in Resources */ = {isa = PBXBuildFile; fileRef = 775D76D21B282E84008868D9 /* Dylib.framework */; };
/* End PBXBuildFile section */

/* Begin PBXContainerItemProxy section */
		775D76B61B2825F7008868D9 /* PBXContainerItemProxy */ = {
			isa = PBXContainerItemProxy;
			containerPortal = 775D76941B2825F7008868D9 /* Project object */;
			proxyType = 1;
			remoteGlobalIDString = 775D769B1B2825F7008868D9;
			remoteInfo = JSLoadDemo;
		};
/* End PBXContainerItemProxy section */

/* Begin PBXFileReference section */
		775D769C1B2825F7008868D9 /* JSLoadDemo.app */ = {isa = PBXFileReference; explicitFileType = wrapper.application; includeInIndex = 0; path = JSLoadDemo.app; sourceTree = BUILT_PRODUCTS_DIR; };
		775D76A01B2825F7008868D9 /* Info.plist */ = {isa = PBXFileReference; lastKnownFileType = text.plist.xml; path = Info.plist; sourceTree = "<group>"; };
		775D76A11B2825F7008868D9 /* main.m */ = {isa = PBXFileReference; lastKnownFileType = sourcecode.c.objc; path = main.m; sourceTree = "<group>"; };
		775D76A31B2825F7008868D9 /* AppDelegate.h */ = {isa = PBXFileReference; lastKnownFileType = sourcecode.c.h; path = AppDelegate.h; sourceTree = "<group>"; };
		775D76A41B2825F7008868D9 /* AppDelegate.m */ = {isa = PBXFileReference; lastKnownFileType = sourcecode.c.objc; path = AppDelegate.m; sourceTree = "<group>"; };
		775D76A61B2825F7008868D9 /* ViewController.h */ = {isa = PBXFileReference; lastKnownFileType = sourcecode.c.h; path = ViewController.h; sourceTree = "<group>"; };
		775D76A71B2825F7008868D9 /* ViewController.m */ = {isa = PBXFileReference; lastKnownFileType = sourcecode.c.objc; path = ViewController.m; sourceTree = "<group>"; };
		775D76AA1B2825F7008868D9 /* Base */ = {isa = PBXFileReference; lastKnownFileType = file.storyboard; name = Base; path = Base.lproj/Main.storyboard; sourceTree = "<group>"; };
		775D76AC1B2825F7008868D9 /* Images.xcassets */ = {isa = PBXFileReference; lastKnownFileType = folder.assetcatalog; path = Images.xcassets; sourceTree = "<group>"; };
		775D76AF1B2825F7008868D9 /* Base */ = {isa = PBXFileReference; lastKnownFileType = file.xib; name = Base; path = Base.lproj/LaunchScreen.xib; sourceTree = "<group>"; };
		775D76B51B2825F7008868D9 /* JSLoadDemoTests.xctest */ = {isa = PBXFileReference; explicitFileType = wrapper.cfbundle; includeInIndex = 0; path = JSLoadDemoTests.xctest; sourceTree = BUILT_PRODUCTS_DIR; };
		775D76BA1B2825F7008868D9 /* Info.plist */ = {isa = PBXFileReference; lastKnownFileType = text.plist.xml; path = Info.plist; sourceTree = "<group>"; };
		775D76BB1B2825F7008868D9 /* JSLoadDemoTests.m */ = {isa = PBXFileReference; lastKnownFileType = sourcecode.c.objc; path = JSLoadDemoTests.m; sourceTree = "<group>"; };
		775D76C61B282603008868D9 /* JPEngine.h */ = {isa = PBXFileReference; fileEncoding = 4; lastKnownFileType = sourcecode.c.h; path = JPEngine.h; sourceTree = "<group>"; };
		775D76C71B282603008868D9 /* JPEngine.m */ = {isa = PBXFileReference; fileEncoding = 4; lastKnownFileType = sourcecode.c.objc; path = JPEngine.m; sourceTree = "<group>"; };
		775D76C81B282603008868D9 /* JSPatch.js */ = {isa = PBXFileReference; fileEncoding = 4; lastKnownFileType = sourcecode.javascript; path = JSPatch.js; sourceTree = "<group>"; };
		775D76CC1B282630008868D9 /* JSLoad.h */ = {isa = PBXFileReference; fileEncoding = 4; lastKnownFileType = sourcecode.c.h; path = JSLoad.h; sourceTree = "<group>"; };
		775D76CD1B282630008868D9 /* JSLoad.m */ = {isa = PBXFileReference; fileEncoding = 4; lastKnownFileType = sourcecode.c.objc; path = JSLoad.m; sourceTree = "<group>"; };
		775D76D21B282E84008868D9 /* Dylib.framework */ = {isa = PBXFileReference; lastKnownFileType = wrapper.framework; path = Dylib.framework; sourceTree = "<group>"; };
		775D76D31B282E84008868D9 /* load.js */ = {isa = PBXFileReference; fileEncoding = 4; lastKnownFileType = sourcecode.javascript; path = load.js; sourceTree = "<group>"; };
/* End PBXFileReference section */

/* Begin PBXFrameworksBuildPhase section */
		775D76991B2825F7008868D9 /* Frameworks */ = {
			isa = PBXFrameworksBuildPhase;
			buildActionMask = 2147483647;
			files = (
			);
			runOnlyForDeploymentPostprocessing = 0;
		};
		775D76B21B2825F7008868D9 /* Frameworks */ = {
			isa = PBXFrameworksBuildPhase;
			buildActionMask = 2147483647;
			files = (
			);
			runOnlyForDeploymentPostprocessing = 0;
		};
/* End PBXFrameworksBuildPhase section */

/* Begin PBXGroup section */
		775D76931B2825F7008868D9 = {
			isa = PBXGroup;
			children = (
				775D76CB1B282613008868D9 /* JSLoad */,
				775D76C51B282603008868D9 /* JSPatch */,
				775D769E1B2825F7008868D9 /* JSLoadDemo */,
				775D76B81B2825F7008868D9 /* JSLoadDemoTests */,
				775D769D1B2825F7008868D9 /* Products */,
			);
			sourceTree = "<group>";
		};
		775D769D1B2825F7008868D9 /* Products */ = {
			isa = PBXGroup;
			children = (
				775D769C1B2825F7008868D9 /* JSLoadDemo.app */,
				775D76B51B2825F7008868D9 /* JSLoadDemoTests.xctest */,
			);
			name = Products;
			sourceTree = "<group>";
		};
		775D769E1B2825F7008868D9 /* JSLoadDemo */ = {
			isa = PBXGroup;
			children = (
				775D76A31B2825F7008868D9 /* AppDelegate.h */,
				775D76A41B2825F7008868D9 /* AppDelegate.m */,
				775D76A61B2825F7008868D9 /* ViewController.h */,
				775D76A71B2825F7008868D9 /* ViewController.m */,
				775D76A91B2825F7008868D9 /* Main.storyboard */,
				775D76AC1B2825F7008868D9 /* Images.xcassets */,
				775D76AE1B2825F7008868D9 /* LaunchScreen.xib */,
				775D769F1B2825F7008868D9 /* Supporting Files */,
			);
			path = JSLoadDemo;
			sourceTree = "<group>";
		};
		775D769F1B2825F7008868D9 /* Supporting Files */ = {
			isa = PBXGroup;
			children = (
				775D76D11B282E84008868D9 /* Res */,
				775D76A01B2825F7008868D9 /* Info.plist */,
				775D76A11B2825F7008868D9 /* main.m */,
			);
			name = "Supporting Files";
			sourceTree = "<group>";
		};
		775D76B81B2825F7008868D9 /* JSLoadDemoTests */ = {
			isa = PBXGroup;
			children = (
				775D76BB1B2825F7008868D9 /* JSLoadDemoTests.m */,
				775D76B91B2825F7008868D9 /* Supporting Files */,
			);
			path = JSLoadDemoTests;
			sourceTree = "<group>";
		};
		775D76B91B2825F7008868D9 /* Supporting Files */ = {
			isa = PBXGroup;
			children = (
				775D76BA1B2825F7008868D9 /* Info.plist */,
			);
			name = "Supporting Files";
			sourceTree = "<group>";
		};
		775D76C51B282603008868D9 /* JSPatch */ = {
			isa = PBXGroup;
			children = (
				775D76C61B282603008868D9 /* JPEngine.h */,
				775D76C71B282603008868D9 /* JPEngine.m */,
				775D76C81B282603008868D9 /* JSPatch.js */,
			);
			path = JSPatch;
			sourceTree = "<group>";
		};
		775D76CB1B282613008868D9 /* JSLoad */ = {
			isa = PBXGroup;
			children = (
				775D76CC1B282630008868D9 /* JSLoad.h */,
				775D76CD1B282630008868D9 /* JSLoad.m */,
			);
			path = JSLoad;
			sourceTree = "<group>";
		};
		775D76D11B282E84008868D9 /* Res */ = {
			isa = PBXGroup;
			children = (
				775D76D21B282E84008868D9 /* Dylib.framework */,
				775D76D31B282E84008868D9 /* load.js */,
			);
			path = Res;
			sourceTree = "<group>";
		};
/* End PBXGroup section */

/* Begin PBXNativeTarget section */
		775D769B1B2825F7008868D9 /* JSLoadDemo */ = {
			isa = PBXNativeTarget;
			buildConfigurationList = 775D76BF1B2825F7008868D9 /* Build configuration list for PBXNativeTarget "JSLoadDemo" */;
			buildPhases = (
				775D76981B2825F7008868D9 /* Sources */,
				775D76991B2825F7008868D9 /* Frameworks */,
				775D769A1B2825F7008868D9 /* Resources */,
			);
			buildRules = (
			);
			dependencies = (
			);
			name = JSLoadDemo;
			productName = JSLoadDemo;
			productReference = 775D769C1B2825F7008868D9 /* JSLoadDemo.app */;
			productType = "com.apple.product-type.application";
		};
		775D76B41B2825F7008868D9 /* JSLoadDemoTests */ = {
			isa = PBXNativeTarget;
			buildConfigurationList = 775D76C21B2825F7008868D9 /* Build configuration list for PBXNativeTarget "JSLoadDemoTests" */;
			buildPhases = (
				775D76B11B2825F7008868D9 /* Sources */,
				775D76B21B2825F7008868D9 /* Frameworks */,
				775D76B31B2825F7008868D9 /* Resources */,
			);
			buildRules = (
			);
			dependencies = (
				775D76B71B2825F7008868D9 /* PBXTargetDependency */,
			);
			name = JSLoadDemoTests;
			productName = JSLoadDemoTests;
			productReference = 775D76B51B2825F7008868D9 /* JSLoadDemoTests.xctest */;
			productType = "com.apple.product-type.bundle.unit-test";
		};
/* End PBXNativeTarget section */

/* Begin PBXProject section */
		775D76941B2825F7008868D9 /* Project object */ = {
			isa = PBXProject;
			attributes = {
				LastUpgradeCheck = 0630;
				ORGANIZATIONNAME = bibibi;
				TargetAttributes = {
					775D769B1B2825F7008868D9 = {
						CreatedOnToolsVersion = 6.3.1;
					};
					775D76B41B2825F7008868D9 = {
						CreatedOnToolsVersion = 6.3.1;
						TestTargetID = 775D769B1B2825F7008868D9;
					};
				};
			};
			buildConfigurationList = 775D76971B2825F7008868D9 /* Build configuration list for PBXProject "JSLoadDemo" */;
			compatibilityVersion = "Xcode 3.2";
			developmentRegion = English;
			hasScannedForEncodings = 0;
			knownRegions = (
				en,
				Base,
			);
			mainGroup = 775D76931B2825F7008868D9;
			productRefGroup = 775D769D1B2825F7008868D9 /* Products */;
			projectDirPath = "";
			projectRoot = "";
			targets = (
				775D769B1B2825F7008868D9 /* JSLoadDemo */,
				775D76B41B2825F7008868D9 /* JSLoadDemoTests */,
			);
		};
/* End PBXProject section */

/* Begin PBXResourcesBuildPhase section */
		775D769A1B2825F7008868D9 /* Resources */ = {
			isa = PBXResourcesBuildPhase;
			buildActionMask = 2147483647;
			files = (
				775D76AB1B2825F7008868D9 /* Main.storyboard in Resources */,
				775D76B01B2825F7008868D9 /* LaunchScreen.xib in Resources */,
				775D76D61B2835D7008868D9 /* Dylib.framework in Resources */,
				775D76CA1B282603008868D9 /* JSPatch.js in Resources */,
				775D76D51B282E84008868D9 /* load.js in Resources */,
				775D76AD1B2825F7008868D9 /* Images.xcassets in Resources */,
			);
			runOnlyForDeploymentPostprocessing = 0;
		};
		775D76B31B2825F7008868D9 /* Resources */ = {
			isa = PBXResourcesBuildPhase;
			buildActionMask = 2147483647;
			files = (
			);
			runOnlyForDeploymentPostprocessing = 0;
		};
/* End PBXResourcesBuildPhase section */

/* Begin PBXSourcesBuildPhase section */
		775D76981B2825F7008868D9 /* Sources */ = {
			isa = PBXSourcesBuildPhase;
			buildActionMask = 2147483647;
			files = (
				775D76A81B2825F7008868D9 /* ViewController.m in Sources */,
				775D76C91B282603008868D9 /* JPEngine.m in Sources */,
				775D76A51B2825F7008868D9 /* AppDelegate.m in Sources */,
				775D76CE1B282630008868D9 /* JSLoad.m in Sources */,
				775D76A21B2825F7008868D9 /* main.m in Sources */,
			);
			runOnlyForDeploymentPostprocessing = 0;
		};
		775D76B11B2825F7008868D9 /* Sources */ = {
			isa = PBXSourcesBuildPhase;
			buildActionMask = 2147483647;
			files = (
				775D76BC1B2825F7008868D9 /* JSLoadDemoTests.m in Sources */,
			);
			runOnlyForDeploymentPostprocessing = 0;
		};
/* End PBXSourcesBuildPhase section */

/* Begin PBXTargetDependency section */
		775D76B71B2825F7008868D9 /* PBXTargetDependency */ = {
			isa = PBXTargetDependency;
			target = 775D769B1B2825F7008868D9 /* JSLoadDemo */;
			targetProxy = 775D76B61B2825F7008868D9 /* PBXContainerItemProxy */;
		};
/* End PBXTargetDependency section */

/* Begin PBXVariantGroup section */
		775D76A91B2825F7008868D9 /* Main.storyboard */ = {
			isa = PBXVariantGroup;
			children = (
				775D76AA1B2825F7008868D9 /* Base */,
			);
			name = Main.storyboard;
			sourceTree = "<group>";
		};
		775D76AE1B2825F7008868D9 /* LaunchScreen.xib */ = {
			isa = PBXVariantGroup;
			children = (
				775D76AF1B2825F7008868D9 /* Base */,
			);
			name = LaunchScreen.xib;
			sourceTree = "<group>";
		};
/* End PBXVariantGroup section */

/* Begin XCBuildConfiguration section */
		775D76BD1B2825F7008868D9 /* Debug */ = {
			isa = XCBuildConfiguration;
			buildSettings = {
				ALWAYS_SEARCH_USER_PATHS = NO;
				CLANG_CXX_LANGUAGE_STANDARD = "gnu++0x";
				CLANG_CXX_LIBRARY = "libc++";
				CLANG_ENABLE_MODULES = YES;
				CLANG_ENABLE_OBJC_ARC = YES;
				CLANG_WARN_BOOL_CONVERSION = YES;
				CLANG_WARN_CONSTANT_CONVERSION = YES;
				CLANG_WARN_DIRECT_OBJC_ISA_USAGE = YES_ERROR;
				CLANG_WARN_EMPTY_BODY = YES;
				CLANG_WARN_ENUM_CONVERSION = YES;
				CLANG_WARN_INT_CONVERSION = YES;
				CLANG_WARN_OBJC_ROOT_CLASS = YES_ERROR;
				CLANG_WARN_UNREACHABLE_CODE = YES;
				CLANG_WARN__DUPLICATE_METHOD_MATCH = YES;
				"CODE_SIGN_IDENTITY[sdk=iphoneos*]" = "iPhone Developer";
				COPY_PHASE_STRIP = NO;
				DEBUG_INFORMATION_FORMAT = "dwarf-with-dsym";
				ENABLE_STRICT_OBJC_MSGSEND = YES;
				GCC_C_LANGUAGE_STANDARD = gnu99;
				GCC_DYNAMIC_NO_PIC = NO;
				GCC_NO_COMMON_BLOCKS = YES;
				GCC_OPTIMIZATION_LEVEL = 0;
				GCC_PREPROCESSOR_DEFINITIONS = (
					"DEBUG=1",
					"$(inherited)",
				);
				GCC_SYMBOLS_PRIVATE_EXTERN = NO;
				GCC_WARN_64_TO_32_BIT_CONVERSION = YES;
				GCC_WARN_ABOUT_RETURN_TYPE = YES_ERROR;
				GCC_WARN_UNDECLARED_SELECTOR = YES;
				GCC_WARN_UNINITIALIZED_AUTOS = YES_AGGRESSIVE;
				GCC_WARN_UNUSED_FUNCTION = YES;
				GCC_WARN_UNUSED_VARIABLE = YES;
				IPHONEOS_DEPLOYMENT_TARGET = 8.3;
				MTL_ENABLE_DEBUG_INFO = YES;
				ONLY_ACTIVE_ARCH = YES;
				SDKROOT = iphoneos;
			};
			name = Debug;
		};
		775D76BE1B2825F7008868D9 /* Release */ = {
			isa = XCBuildConfiguration;
			buildSettings = {
				ALWAYS_SEARCH_USER_PATHS = NO;
				CLANG_CXX_LANGUAGE_STANDARD = "gnu++0x";
				CLANG_CXX_LIBRARY = "libc++";
				CLANG_ENABLE_MODULES = YES;
				CLANG_ENABLE_OBJC_ARC = YES;
				CLANG_WARN_BOOL_CONVERSION = YES;
				CLANG_WARN_CONSTANT_CONVERSION = YES;
				CLANG_WARN_DIRECT_OBJC_ISA_USAGE = YES_ERROR;
				CLANG_WARN_EMPTY_BODY = YES;
				CLANG_WARN_ENUM_CONVERSION = YES;
				CLANG_WARN_INT_CONVERSION = YES;
				CLANG_WARN_OBJC_ROOT_CLASS = YES_ERROR;
				CLANG_WARN_UNREACHABLE_CODE = YES;
				CLANG_WARN__DUPLICATE_METHOD_MATCH = YES;
				"CODE_SIGN_IDENTITY[sdk=iphoneos*]" = "iPhone Developer";
				COPY_PHASE_STRIP = NO;
				DEBUG_INFORMATION_FORMAT = "dwarf-with-dsym";
				ENABLE_NS_ASSERTIONS = NO;
				ENABLE_STRICT_OBJC_MSGSEND = YES;
				GCC_C_LANGUAGE_STANDARD = gnu99;
				GCC_NO_COMMON_BLOCKS = YES;
				GCC_WARN_64_TO_32_BIT_CONVERSION = YES;
				GCC_WARN_ABOUT_RETURN_TYPE = YES_ERROR;
				GCC_WARN_UNDECLARED_SELECTOR = YES;
				GCC_WARN_UNINITIALIZED_AUTOS = YES_AGGRESSIVE;
				GCC_WARN_UNUSED_FUNCTION = YES;
				GCC_WARN_UNUSED_VARIABLE = YES;
				IPHONEOS_DEPLOYMENT_TARGET = 8.3;
				MTL_ENABLE_DEBUG_INFO = NO;
				SDKROOT = iphoneos;
				VALIDATE_PRODUCT = YES;
			};
			name = Release;
		};
		775D76C01B2825F7008868D9 /* Debug */ = {
			isa = XCBuildConfiguration;
			buildSettings = {
				ASSETCATALOG_COMPILER_APPICON_NAME = AppIcon;
				FRAMEWORK_SEARCH_PATHS = (
					"$(inherited)",
					"$(PROJECT_DIR)/JSLoadDemo",
					"$(PROJECT_DIR)/JSLoadDemo/Res",
				);
				INFOPLIST_FILE = JSLoadDemo/Info.plist;
				LD_RUNPATH_SEARCH_PATHS = "$(inherited) @executable_path/Frameworks";
				PRODUCT_NAME = "$(TARGET_NAME)";
			};
			name = Debug;
		};
		775D76C11B2825F7008868D9 /* Release */ = {
			isa = XCBuildConfiguration;
			buildSettings = {
				ASSETCATALOG_COMPILER_APPICON_NAME = AppIcon;
				FRAMEWORK_SEARCH_PATHS = (
					"$(inherited)",
					"$(PROJECT_DIR)/JSLoadDemo",
					"$(PROJECT_DIR)/JSLoadDemo/Res",
				);
				INFOPLIST_FILE = JSLoadDemo/Info.plist;
				LD_RUNPATH_SEARCH_PATHS = "$(inherited) @executable_path/Frameworks";
				PRODUCT_NAME = "$(TARGET_NAME)";
			};
			name = Release;
		};
		775D76C31B2825F7008868D9 /* Debug */ = {
			isa = XCBuildConfiguration;
			buildSettings = {
				BUNDLE_LOADER = "$(TEST_HOST)";
				FRAMEWORK_SEARCH_PATHS = (
					"$(SDKROOT)/Developer/Library/Frameworks",
					"$(inherited)",
				);
				GCC_PREPROCESSOR_DEFINITIONS = (
					"DEBUG=1",
					"$(inherited)",
				);
				INFOPLIST_FILE = JSLoadDemoTests/Info.plist;
				LD_RUNPATH_SEARCH_PATHS = "$(inherited) @executable_path/Frameworks @loader_path/Frameworks";
				PRODUCT_NAME = "$(TARGET_NAME)";
				TEST_HOST = "$(BUILT_PRODUCTS_DIR)/JSLoadDemo.app/JSLoadDemo";
			};
			name = Debug;
		};
		775D76C41B2825F7008868D9 /* Release */ = {
			isa = XCBuildConfiguration;
			buildSettings = {
				BUNDLE_LOADER = "$(TEST_HOST)";
				FRAMEWORK_SEARCH_PATHS = (
					"$(SDKROOT)/Developer/Library/Frameworks",
					"$(inherited)",
				);
				INFOPLIST_FILE = JSLoadDemoTests/Info.plist;
				LD_RUNPATH_SEARCH_PATHS = "$(inherited) @executable_path/Frameworks @loader_path/Frameworks";
				PRODUCT_NAME = "$(TARGET_NAME)";
				TEST_HOST = "$(BUILT_PRODUCTS_DIR)/JSLoadDemo.app/JSLoadDemo";
			};
			name = Release;
		};
/* End XCBuildConfiguration section */

/* Begin XCConfigurationList section */
		775D76971B2825F7008868D9 /* Build configuration list for PBXProject "JSLoadDemo" */ = {
			isa = XCConfigurationList;
			buildConfigurations = (
				775D76BD1B2825F7008868D9 /* Debug */,
				775D76BE1B2825F7008868D9 /* Release */,
			);
			defaultConfigurationIsVisible = 0;
			defaultConfigurationName = Release;
		};
		775D76BF1B2825F7008868D9 /* Build configuration list for PBXNativeTarget "JSLoadDemo" */ = {
			isa = XCConfigurationList;
			buildConfigurations = (
				775D76C01B2825F7008868D9 /* Debug */,
				775D76C11B2825F7008868D9 /* Release */,
			);
			defaultConfigurationIsVisible = 0;
		};
		775D76C21B2825F7008868D9 /* Build configuration list for PBXNativeTarget "JSLoadDemoTests" */ = {
			isa = XCConfigurationList;
			buildConfigurations = (
				775D76C31B2825F7008868D9 /* Debug */,
				775D76C41B2825F7008868D9 /* Release */,
			);
			defaultConfigurationIsVisible = 0;
		};
/* End XCConfigurationList section */
	};
	rootObject = 775D76941B2825F7008868D9 /* Project object */;
}
